
Microsoft Visual Studio Solution File, Format Version 12.00
# Visual Studio Version 16
VisualStudioVersion = 16.0.31702.278
MinimumVisualStudioVersion = 10.0.40219.1
Project("{9A19103F-16F7-4668-BE54-9A1E7A4F7556}") = "AuthApi", "AuthApi.csproj", "{37A97C8F-58C0-49D9-875F-093CCF960C9E}"
EndProject
Global
	GlobalSection(SolutionConfigurationPlatforms) = preSolution
		Debug|Any CPU = Debug|Any CPU
		Release|Any CPU = Release|Any CPU
	EndGlobalSection
	GlobalSection(ProjectConfigurationPlatforms) = postSolution
		{37A97C8F-58C0-49D9-875F-093CCF960C9E}.Debug|Any CPU.ActiveCfg = Debug|Any CPU
		{37A97C8F-58C0-49D9-875F-093CCF960C9E}.Debug|Any CPU.Build.0 = Debug|Any CPU
		{37A97C8F-58C0-49D9-875F-093CCF960C9E}.Release|Any CPU.ActiveCfg = Release|Any CPU
		{37A97C8F-58C0-49D9-875F-093CCF960C9E}.Release|Any CPU.Build.0 = Release|Any CPU
	EndGlobalSection
	GlobalSection(SolutionProperties) = preSolution
		HideSolutionNode = FALSE
	EndGlobalSection
	GlobalSection(ExtensibilityGlobals) = postSolution
		SolutionGuid = {9B3C519B-2D41-4201-9EE3-0CD4900AB1FB}
	EndGlobalSection
EndGlobal
